
Microsoft Visual Studio Solution File, Format Version 12.00
# Visual Studio Version 17
VisualStudioVersion = 17.2.32505.173
MinimumVisualStudioVersion = 10.0.40219.1
Project("{FAE04EC0-301F-11D3-BF4B-00C04F79EFBC}") = "pruebagarridoo", "pruebagarridoo\pruebagarridoo.csproj", "{A80C1BFB-4E31-40F0-9646-B535D1BE43B8}"
EndProject
Global
	GlobalSection(SolutionConfigurationPlatforms) = preSolution
		Debug|Any CPU = Debug|Any CPU
		Release|Any CPU = Release|Any CPU
	EndGlobalSection
	GlobalSection(ProjectConfigurationPlatforms) = postSolution
		{A80C1BFB-4E31-40F0-9646-B535D1BE43B8}.Debug|Any CPU.ActiveCfg = Debug|Any CPU
		{A80C1BFB-4E31-40F0-9646-B535D1BE43B8}.Debug|Any CPU.Build.0 = Debug|Any CPU
		{A80C1BFB-4E31-40F0-9646-B535D1BE43B8}.Release|Any CPU.ActiveCfg = Release|Any CPU
		{A80C1BFB-4E31-40F0-9646-B535D1BE43B8}.Release|Any CPU.Build.0 = Release|Any CPU
	EndGlobalSection
	GlobalSection(SolutionProperties) = preSolution
		HideSolutionNode = FALSE
	EndGlobalSection
	GlobalSection(ExtensibilityGlobals) = postSolution
		SolutionGuid = {49A5042C-9AAC-4BA9-BE1D-99BA62D09BC6}
	EndGlobalSection
EndGlobal
